
Microsoft Visual Studio Solution File, Format Version 12.00
Project("{FAE04EC0-301F-11D3-BF4B-00C04F79EFBC}") = "KittenFactory.Host", "src\KittenFactory.Host\KittenFactory.Host.csproj", "{35972289-7435-44A6-94C3-76AFD30670A4}"
EndProject
Project("{FAE04EC0-301F-11D3-BF4B-00C04F79EFBC}") = "KittenFactory.Api", "src\KittenFactory.Api\KittenFactory.Api.csproj", "{30F34C6C-6048-4799-A673-C5455B5CF4A6}"
EndProject
Global
	GlobalSection(SolutionConfigurationPlatforms) = preSolution
		Debug|Any CPU = Debug|Any CPU
		Release|Any CPU = Release|Any CPU
	EndGlobalSection
	GlobalSection(ProjectConfigurationPlatforms) = postSolution
		{35972289-7435-44A6-94C3-76AFD30670A4}.Debug|Any CPU.ActiveCfg = Debug|Any CPU
		{35972289-7435-44A6-94C3-76AFD30670A4}.Debug|Any CPU.Build.0 = Debug|Any CPU
		{35972289-7435-44A6-94C3-76AFD30670A4}.Release|Any CPU.ActiveCfg = Release|Any CPU
		{35972289-7435-44A6-94C3-76AFD30670A4}.Release|Any CPU.Build.0 = Release|Any CPU
		{30F34C6C-6048-4799-A673-C5455B5CF4A6}.Debug|Any CPU.ActiveCfg = Debug|Any CPU
		{30F34C6C-6048-4799-A673-C5455B5CF4A6}.Debug|Any CPU.Build.0 = Debug|Any CPU
		{30F34C6C-6048-4799-A673-C5455B5CF4A6}.Release|Any CPU.ActiveCfg = Release|Any CPU
		{30F34C6C-6048-4799-A673-C5455B5CF4A6}.Release|Any CPU.Build.0 = Release|Any CPU
	EndGlobalSection
EndGlobal
